version = 1
revision = 3
requires-python = ">=3.11"

[[package]]
name = "homelab-tui"
version = "0.1.0"
source = { editable = "." }
dependencies = [
    { name = "python-hcl2" },
    { name = "textual" },
]

[package.metadata]
requires-dist = [
    { name = "python-hcl2", specifier = ">=4.3.0" },
    { name = "textual", specifier = ">=0.89.0" },
]

[[package]]
name = "lark"
version = "1.3.1"
source = { registry = "https://pypi.org/simple" }
sdist = { url = "https://files.pythonhosted.org/packages/da/34/28fff3ab31ccff1fd4f6c7c7b0ceb2b6968d8ea4950663eadcb5720591a0/lark-1.3.1.tar.gz", hash = "sha256:b426a7a6d6d53189d318f2b6236ab5d6429eaf09259f1ca33eb716eed10d2905", size = 382732, upload-time = "2025-10-27T18:25:56.653Z" }
wheels = [
    { url = "https://files.pythonhosted.org/packages/82/3d/14ce75ef66813643812f3093ab17e46d3a206942ce7376d31ec2d36229e7/lark-1.3.1-py3-none-any.whl", hash = "sha256:c629b661023a014c37da873b4ff58a817398d12635d3bbb2c5a03be7fe5d1e12", size = 113151, upload-time = "2025-10-27T18:25:54.882Z" },
]

[[package]]
name = "linkify-it-py"
version = "2.0.3"
source = { registry = "https://pypi.org/simple" }
dependencies = [
    { name = "uc-micro-py" },
]
sdist = { url = "https://files.pythonhosted.org/packages/2a/ae/bb56c6828e4797ba5a4821eec7c43b8bf40f69cda4d4f5f8c8a2810ec96a/linkify-it-py-2.0.3.tar.gz", hash = "sha256:68cda27e162e9215c17d786649d1da0021a451bdc436ef9e0fa0ba5234b9b048", size = 27946, upload-time = "2024-02-04T14:48:04.179Z" }
wheels = [
    { url = "https://files.pythonhosted.org/packages/04/1e/b832de447dee8b582cac175871d2f6c3d5077cc56d5575cadba1fd1cccfa/linkify_it_py-2.0.3-py3-none-any.whl", hash = "sha256:6bcbc417b0ac14323382aef5c5192c0075bf8a9d6b41820a2b66371eac6b6d79", size = 19820, upload-time = "2024-02-04T14:48:02.496Z" },
]

[[package]]
name = "markdown-it-py"
version = "4.0.0"
source = { registry = "https://pypi.org/simple" }
dependencies = [
    { name = "mdurl" },
]
sdist = { url = "https://files.pythonhosted.org/packages/5b/f5/4ec618ed16cc4f8fb3b701563655a69816155e79e24a17b651541804721d/markdown_it_py-4.0.0.tar.gz", hash = "sha256:cb0a2b4aa34f932c007117b194e945bd74e0ec24133ceb5bac59009cda1cb9f3", size = 73070, upload-time = "2025-08-11T12:57:52.854Z" }
wheels = [
    { url = "https://files.pythonhosted.org/packages/94/54/e7d793b573f298e1c9013b8c4dade17d481164aa517d1d7148619c2cedbf/markdown_it_py-4.0.0-py3-none-any.whl", hash = "sha256:87327c59b172c5011896038353a81343b6754500a08cd7a4973bb48c6d578147", size = 87321, upload-time = "2025-08-11T12:57:51.923Z" },
]

[package.optional-dependencies]
linkify = [
    { name = "linkify-it-py" },
]

[[package]]
name = "mdit-py-plugins"
version = "0.5.0"
source = { registry = "https://pypi.org/simple" }
dependencies = [
    { name = "markdown-it-py" },
]
sdist = { url = "https://files.pythonhosted.org/packages/b2/fd/a756d36c0bfba5f6e39a1cdbdbfdd448dc02692467d83816dff4592a1ebc/mdit_py_plugins-0.5.0.tar.gz", hash = "sha256:f4918cb50119f50446560513a8e311d574ff6aaed72606ddae6d35716fe809c6", size = 44655, upload-time = "2025-08-11T07:25:49.083Z" }
wheels = [
    { url = "https://files.pythonhosted.org/packages/fb/86/dd6e5db36df29e76c7a7699123569a4a18c1623ce68d826ed96c62643cae/mdit_py_plugins-0.5.0-py3-none-any.whl", hash = "sha256:07a08422fc1936a5d26d146759e9155ea466e842f5ab2f7d2266dd084c8dab1f", size = 57205, upload-time = "2025-08-11T07:25:47.597Z" },
]

[[package]]
name = "mdurl"
version = "0.1.2"
source = { registry = "https://pypi.org/simple" }
sdist = { url = "https://files.pythonhosted.org/packages/d6/54/cfe61301667036ec958cb99bd3efefba235e65cdeb9c84d24a8293ba1d90/mdurl-0.1.2.tar.gz", hash = "sha256:bb413d29f5eea38f31dd4754dd7377d4465116fb207585f97bf925588687c1ba", size = 8729, upload-time = "2022-08-14T12:40:10.846Z" }
wheels = [
    { url = "https://files.pythonhosted.org/packages/b3/38/89ba8ad64ae25be8de66a6d463314cf1eb366222074cfda9ee839c56a4b4/mdurl-0.1.2-py3-none-any.whl", hash = "sha256:84008a41e51615a49fc9966191ff91509e3c40b939176e643fd50a5c2196b8f8", size = 9979, upload-time = "2022-08-14T12:40:09.779Z" },
]

[[package]]
name = "platformdirs"
version = "4.9.2"
source = { registry = "https://pypi.org/simple" }
sdist = { url = "https://files.pythonhosted.org/packages/1b/04/fea538adf7dbbd6d186f551d595961e564a3b6715bdf276b477460858672/platformdirs-4.9.2.tar.gz", hash = "sha256:9a33809944b9db043ad67ca0db94b14bf452cc6aeaac46a88ea55b26e2e9d291", size = 28394, upload-time = "2026-02-16T03:56:10.574Z" }
wheels = [
    { url = "https://files.pythonhosted.org/packages/48/31/05e764397056194206169869b50cf2fee4dbbbc71b344705b9c0d878d4d8/platformdirs-4.9.2-py3-none-any.whl", hash = "sha256:9170634f126f8efdae22fb58ae8a0eaa86f38365bc57897a6c4f781d1f5875bd", size = 21168, upload-time = "2026-02-16T03:56:08.891Z" },
]

[[package]]
name = "pygments"
version = "2.19.2"
source = { registry = "https://pypi.org/simple" }
sdist = { url = "https://files.pythonhosted.org/packages/b0/77/a5b8c569bf593b0140bde72ea885a803b82086995367bf2037de0159d924/pygments-2.19.2.tar.gz", hash = "sha256:636cb2477cec7f8952536970bc533bc43743542f70392ae026374600add5b887", size = 4968631, upload-time = "2025-06-21T13:39:12.283Z" }
wheels = [
    { url = "https://files.pythonhosted.org/packages/c7/21/705964c7812476f378728bdf590ca4b771ec72385c533964653c68e86bdc/pygments-2.19.2-py3-none-any.whl", hash = "sha256:86540386c03d588bb81d44bc3928634ff26449851e99741617ecb9037ee5ec0b", size = 1225217, upload-time = "2025-06-21T13:39:07.939Z" },
]

[[package]]
name = "python-hcl2"
version = "7.3.1"
source = { registry = "https://pypi.org/simple" }
dependencies = [
    { name = "lark" },
    { name = "regex" },
]
sdist = { url = "https://files.pythonhosted.org/packages/50/8e/f82ed407a10c2dd4228ff0fceec8a16dd6a9191a2ed119233c04dccf2ca4/python_hcl2-7.3.1.tar.gz", hash = "sha256:f8f55583703daf7bbcb595a33c68de891064d565974ea39998b81d15a4c4657b", size = 35352, upload-time = "2025-07-24T12:33:49.883Z" }
wheels = [
    { url = "https://files.pythonhosted.org/packages/99/56/8f6418645fee59dd7a85a6e155d13ebf07608edc98965b211b0ed86ef35a/python_hcl2-7.3.1-py3-none-any.whl", hash = "sha256:6bf6036d3dffac04e05e6aa58ff6e9a3710bba2171325584dfd7b3f8c99c6d4d", size = 22426, upload-time = "2025-07-24T12:33:49.015Z" },
]

[[package]]
name = "regex"
version = "2026.2.19"
source = { registry = "https://pypi.org/simple" }
sdist = { url = "https://files.pythonhosted.org/packages/ff/c0/d8079d4f6342e4cec5c3e7d7415b5cd3e633d5f4124f7a4626908dbe84c7/regex-2026.2.19.tar.gz", hash = "sha256:6fb8cb09b10e38f3ae17cc6dc04a1df77762bd0351b6ba9041438e7cc85ec310", size = 414973, upload-time = "2026-02-19T19:03:47.899Z" }
wheels = [
    { url = "https://files.pythonhosted.org/packages/6f/93/43f405a98f54cc59c786efb4fc0b644615ed2392fc89d57d30da11f35b5b/regex-2026.2.19-cp311-cp311-macosx_10_9_universal2.whl", hash = "sha256:93b16a18cadb938f0f2306267161d57eb33081a861cee9ffcd71e60941eb5dfc", size = 488365, upload-time = "2026-02-19T19:00:17.857Z" },
    { url = "https://files.pythonhosted.org/packages/66/46/da0efce22cd8f5ae28eeb25ac69703f49edcad3331ac22440776f4ea0867/regex-2026.2.19-cp311-cp311-macosx_10_9_x86_64.whl", hash = "sha256:78af1e499cab704131f6f4e2f155b7f54ce396ca2acb6ef21a49507e4752e0be", size = 290737, upload-time = "2026-02-19T19:00:19.869Z" },
    { url = "https://files.pythonhosted.org/packages/fb/19/f735078448132c1c974974d30d5306337bc297fe6b6f126164bff72c1019/regex-2026.2.19-cp311-cp311-macosx_11_0_arm64.whl", hash = "sha256:eb20c11aa4c3793c9ad04c19a972078cdadb261b8429380364be28e867a843f2", size = 288654, upload-time = "2026-02-19T19:00:21.307Z" },
    { url = "https://files.pythonhosted.org/packages/e2/3e/6d7c24a2f423c03ad03e3fbddefa431057186ac1c4cb4fa98b03c7f39808/regex-2026.2.19-cp311-cp311-manylinux2014_aarch64.manylinux_2_17_aarch64.manylinux_2_28_aarch64.whl", hash = "sha256:db5fd91eec71e7b08de10011a2223d0faa20448d4e1380b9daa179fa7bf58906", size = 793785, upload-time = "2026-02-19T19:00:22.926Z" },
    { url = "https://files.pythonhosted.org/packages/67/32/fdb8107504b3122a79bde6705ac1f9d495ed1fe35b87d7cfc1864471999a/regex-2026.2.19-cp311-cp311-manylinux2014_ppc64le.manylinux_2_17_ppc64le.manylinux_2_28_ppc64le.whl", hash = "sha256:fdbade8acba71bb45057c2b72f477f0b527c4895f9c83e6cfc30d4a006c21726", size = 860731, upload-time = "2026-02-19T19:00:25.196Z" },
    { url = "https://files.pythonhosted.org/packages/9a/fd/cc8c6f05868defd840be6e75919b1c3f462357969ac2c2a0958363b4dc23/regex-2026.2.19-cp311-cp311-manylinux2014_s390x.manylinux_2_17_s390x.manylinux_2_28_s390x.whl", hash = "sha256:31a5f561eb111d6aae14202e7043fb0b406d3c8dddbbb9e60851725c9b38ab1d", size = 907350, upload-time = "2026-02-19T19:00:27.093Z" },
    { url = "https://files.pythonhosted.org/packages/b5/1b/4590db9caa8db3d5a3fe31197c4e42c15aab3643b549ef6a454525fa3a61/regex-2026.2.19-cp311-cp311-manylinux2014_x86_64.manylinux_2_17_x86_64.manylinux_2_28_x86_64.whl", hash = "sha256:4584a3ee5f257b71e4b693cc9be3a5104249399f4116fe518c3f79b0c6fc7083", size = 800628, upload-time = "2026-02-19T19:00:29.392Z" },
    { url = "https://files.pythonhosted.org/packages/76/05/513eaa5b96fa579fd0b813e19ec047baaaf573d7374ff010fa139b384bf7/regex-2026.2.19-cp311-cp311-manylinux_2_31_riscv64.manylinux_2_39_riscv64.whl", hash = "sha256:196553ba2a2f47904e5dc272d948a746352e2644005627467e055be19d73b39e", size = 773711, upload-time = "2026-02-19T19:00:30.996Z" },
    { url = "https://files.pythonhosted.org/packages/95/65/5aed06d8c54563d37fea496cf888be504879a3981a7c8e12c24b2c92c209/regex-2026.2.19-cp311-cp311-musllinux_1_2_aarch64.whl", hash = "sha256:0c10869d18abb759a3317c757746cc913d6324ce128b8bcec99350df10419f18", size = 783186, upload-time = "2026-02-19T19:00:34.598Z" },
    { url = "https://files.pythonhosted.org/packages/2c/57/79a633ad90f2371b4ef9cd72ba3a69a1a67d0cfaab4fe6fa8586d46044ef/regex-2026.2.19-cp311-cp311-musllinux_1_2_ppc64le.whl", hash = "sha256:e689fed279cbe797a6b570bd18ff535b284d057202692c73420cb93cca41aa32", size = 854854, upload-time = "2026-02-19T19:00:37.306Z" },
    { url = "https://files.pythonhosted.org/packages/eb/2d/0f113d477d9e91ec4545ec36c82e58be25038d06788229c91ad52da2b7f5/regex-2026.2.19-cp311-cp311-musllinux_1_2_riscv64.whl", hash = "sha256:0782bd983f19ac7594039c9277cd6f75c89598c1d72f417e4d30d874105eb0c7", size = 762279, upload-time = "2026-02-19T19:00:39.793Z" },
    { url = "https://files.pythonhosted.org/packages/39/cb/237e9fa4f61469fd4f037164dbe8e675a376c88cf73aaaa0aedfd305601c/regex-2026.2.19-cp311-cp311-musllinux_1_2_s390x.whl", hash = "sha256:dbb240c81cfed5d4a67cb86d7676d9f7ec9c3f186310bec37d8a1415210e111e", size = 846172, upload-time = "2026-02-19T19:00:42.134Z" },
    { url = "https://files.pythonhosted.org/packages/ac/7c/104779c5915cc4eb557a33590f8a3f68089269c64287dd769afd76c7ce61/regex-2026.2.19-cp311-cp311-musllinux_1_2_x86_64.whl", hash = "sha256:80d31c3f1fe7e4c6cd1831cd4478a0609903044dfcdc4660abfe6fb307add7f0", size = 789078, upload-time = "2026-02-19T19:00:43.908Z" },
    { url = "https://files.pythonhosted.org/packages/a8/4a/eae4e88b1317fb2ff57794915e0099198f51e760f6280b320adfa0ad396d/regex-2026.2.19-cp311-cp311-win32.whl", hash = "sha256:66e6a43225ff1064f8926adbafe0922b370d381c3330edaf9891cade52daa790", size = 266013, upload-time = "2026-02-19T19:00:47.274Z" },
    { url = "https://files.pythonhosted.org/packages/f9/29/ba89eb8fae79705e07ad1bd69e568f776159d2a8093c9dbc5303ee618298/regex-2026.2.19-cp311-cp311-win_amd64.whl", hash = "sha256:59a7a5216485a1896c5800e9feb8ff9213e11967b482633b6195d7da11450013", size = 277906, upload-time = "2026-02-19T19:00:49.011Z" },
    { url = "https://files.pythonhosted.org/packages/e3/1a/042d8f04b28e318df92df69d8becb0f42221eb3dd4fe5e976522f4337c76/regex-2026.2.19-cp311-cp311-win_arm64.whl", hash = "sha256:ec661807ffc14c8d14bb0b8c1bb3d5906e476bc96f98b565b709d03962ee4dd4", size = 270463, upload-time = "2026-02-19T19:00:50.988Z" },
    { url = "https://files.pythonhosted.org/packages/b3/73/13b39c7c9356f333e564ab4790b6cb0df125b8e64e8d6474e73da49b1955/regex-2026.2.19-cp312-cp312-macosx_10_13_universal2.whl", hash = "sha256:c1665138776e4ac1aa75146669236f7a8a696433ec4e525abf092ca9189247cc", size = 489541, upload-time = "2026-02-19T19:00:52.728Z" },
    { url = "https://files.pythonhosted.org/packages/15/77/fcc7bd9a67000d07fbcc11ed226077287a40d5c84544e62171d29d3ef59c/regex-2026.2.19-cp312-cp312-macosx_10_13_x86_64.whl", hash = "sha256:d792b84709021945597e05656aac059526df4e0c9ef60a0eaebb306f8fafcaa8", size = 291414, upload-time = "2026-02-19T19:00:54.51Z" },
    { url = "https://files.pythonhosted.org/packages/f9/87/3997fc72dc59233426ef2e18dfdd105bb123812fff740ee9cc348f1a3243/regex-2026.2.19-cp312-cp312-macosx_11_0_arm64.whl", hash = "sha256:db970bcce4d63b37b3f9eb8c893f0db980bbf1d404a1d8d2b17aa8189de92c53", size = 289140, upload-time = "2026-02-19T19:00:56.841Z" },
    { url = "https://files.pythonhosted.org/packages/f3/d0/b7dd3883ed1cff8ee0c0c9462d828aaf12be63bf5dc55453cbf423523b13/regex-2026.2.19-cp312-cp312-manylinux2014_aarch64.manylinux_2_17_aarch64.manylinux_2_28_aarch64.whl", hash = "sha256:03d706fbe7dfec503c8c3cb76f9352b3e3b53b623672aa49f18a251a6c71b8e6", size = 798767, upload-time = "2026-02-19T19:00:59.014Z" },
    { url = "https://files.pythonhosted.org/packages/4a/7e/8e2d09103832891b2b735a2515abf377db21144c6dd5ede1fb03c619bf09/regex-2026.2.19-cp312-cp312-manylinux2014_ppc64le.manylinux_2_17_ppc64le.manylinux_2_28_ppc64le.whl", hash = "sha256:8dbff048c042beef60aa1848961384572c5afb9e8b290b0f1203a5c42cf5af65", size = 864436, upload-time = "2026-02-19T19:01:00.772Z" },
    { url = "https://files.pythonhosted.org/packages/8a/2e/afea8d23a6db1f67f45e3a0da3057104ce32e154f57dd0c8997274d45fcd/regex-2026.2.19-cp312-cp312-manylinux2014_s390x.manylinux_2_17_s390x.manylinux_2_28_s390x.whl", hash = "sha256:ccaaf9b907ea6b4223d5cbf5fa5dff5f33dc66f4907a25b967b8a81339a6e332", size = 912391, upload-time = "2026-02-19T19:01:02.865Z" },
    { url = "https://files.pythonhosted.org/packages/59/3c/ea5a4687adaba5e125b9bd6190153d0037325a0ba3757cc1537cc2c8dd90/regex-2026.2.19-cp312-cp312-manylinux2014_x86_64.manylinux_2_17_x86_64.manylinux_2_28_x86_64.whl", hash = "sha256:75472631eee7898e16a8a20998d15106cb31cfde21cdf96ab40b432a7082af06", size = 803702, upload-time = "2026-02-19T19:01:05.298Z" },
    { url = "https://files.pythonhosted.org/packages/dc/c5/624a0705e8473a26488ec1a3a4e0b8763ecfc682a185c302dfec71daea35/regex-2026.2.19-cp312-cp312-manylinux_2_31_riscv64.manylinux_2_39_riscv64.whl", hash = "sha256:d89f85a5ccc0cec125c24be75610d433d65295827ebaf0d884cbe56df82d4774", size = 775980, upload-time = "2026-02-19T19:01:07.047Z" },
    { url = "https://files.pythonhosted.org/packages/4d/4b/ed776642533232b5599b7c1f9d817fe11faf597e8a92b7a44b841daaae76/regex-2026.2.19-cp312-cp312-musllinux_1_2_aarch64.whl", hash = "sha256:0d9f81806abdca3234c3dd582b8a97492e93de3602c8772013cb4affa12d1668", size = 788122, upload-time = "2026-02-19T19:01:08.744Z" },
    { url = "https://files.pythonhosted.org/packages/8c/58/e93e093921d13b9784b4f69896b6e2a9e09580a265c59d9eb95e87d288f2/regex-2026.2.19-cp312-cp312-musllinux_1_2_ppc64le.whl", hash = "sha256:9dadc10d1c2bbb1326e572a226d2ec56474ab8aab26fdb8cf19419b372c349a9", size = 858910, upload-time = "2026-02-19T19:01:10.488Z" },
    { url = "https://files.pythonhosted.org/packages/85/77/ff1d25a0c56cd546e0455cbc93235beb33474899690e6a361fa6b52d265b/regex-2026.2.19-cp312-cp312-musllinux_1_2_riscv64.whl", hash = "sha256:6bc25d7e15f80c9dc7853cbb490b91c1ec7310808b09d56bd278fe03d776f4f6", size = 764153, upload-time = "2026-02-19T19:01:12.156Z" },
    { url = "https://files.pythonhosted.org/packages/cd/ef/8ec58df26d52d04443b1dc56f9be4b409f43ed5ae6c0248a287f52311fc4/regex-2026.2.19-cp312-cp312-musllinux_1_2_s390x.whl", hash = "sha256:965d59792f5037d9138da6fed50ba943162160443b43d4895b182551805aff9c", size = 850348, upload-time = "2026-02-19T19:01:14.147Z" },
    { url = "https://files.pythonhosted.org/packages/f5/b3/c42fd5ed91639ce5a4225b9df909180fc95586db071f2bf7c68d2ccbfbe6/regex-2026.2.19-cp312-cp312-musllinux_1_2_x86_64.whl", hash = "sha256:38d88c6ed4a09ed61403dbdf515d969ccba34669af3961ceb7311ecd0cef504a", size = 789977, upload-time = "2026-02-19T19:01:15.838Z" },
    { url = "https://files.pythonhosted.org/packages/b6/22/bc3b58ebddbfd6ca5633e71fd41829ee931963aad1ebeec55aad0c23044e/regex-2026.2.19-cp312-cp312-win32.whl", hash = "sha256:5df947cabab4b643d4791af5e28aecf6bf62e6160e525651a12eba3d03755e6b", size = 266381, upload-time = "2026-02-19T19:01:17.952Z" },
    { url = "https://files.pythonhosted.org/packages/fc/4a/6ff550b63e67603ee60e69dc6bd2d5694e85046a558f663b2434bdaeb285/regex-2026.2.19-cp312-cp312-win_amd64.whl", hash = "sha256:4146dc576ea99634ae9c15587d0c43273b4023a10702998edf0fa68ccb60237a", size = 277274, upload-time = "2026-02-19T19:01:19.826Z" },
    { url = "https://files.pythonhosted.org/packages/cc/29/9ec48b679b1e87e7bc8517dff45351eab38f74fbbda1fbcf0e9e6d4e8174/regex-2026.2.19-cp312-cp312-win_arm64.whl", hash = "sha256:cdc0a80f679353bd68450d2a42996090c30b2e15ca90ded6156c31f1a3b63f3b", size = 270509, upload-time = "2026-02-19T19:01:22.075Z" },
    { url = "https://files.pythonhosted.org/packages/d2/2d/a849835e76ac88fcf9e8784e642d3ea635d183c4112150ca91499d6703af/regex-2026.2.19-cp313-cp313-macosx_10_13_universal2.whl", hash = "sha256:8df08decd339e8b3f6a2eb5c05c687fe9d963ae91f352bc57beb05f5b2ac6879", size = 489329, upload-time = "2026-02-19T19:01:23.841Z" },
    { url = "https://files.pythonhosted.org/packages/da/aa/78ff4666d3855490bae87845a5983485e765e1f970da20adffa2937b241d/regex-2026.2.19-cp313-cp313-macosx_10_13_x86_64.whl", hash = "sha256:3aa0944f1dc6e92f91f3b306ba7f851e1009398c84bfd370633182ee4fc26a64", size = 291308, upload-time = "2026-02-19T19:01:25.605Z" },
    { url = "https://files.pythonhosted.org/packages/cd/58/714384efcc07ae6beba528a541f6e99188c5cc1bc0295337f4e8a868296d/regex-2026.2.19-cp313-cp313-macosx_11_0_arm64.whl", hash = "sha256:c13228fbecb03eadbfd8f521732c5fda09ef761af02e920a3148e18ad0e09968", size = 289033, upload-time = "2026-02-19T19:01:27.243Z" },
    { url = "https://files.pythonhosted.org/packages/75/ec/6438a9344d2869cf5265236a06af1ca6d885e5848b6561e10629bc8e5a11/regex-2026.2.19-cp313-cp313-manylinux2014_aarch64.manylinux_2_17_aarch64.manylinux_2_28_aarch64.whl", hash = "sha256:0d0e72703c60d68b18b27cde7cdb65ed2570ae29fb37231aa3076bfb6b1d1c13", size = 798798, upload-time = "2026-02-19T19:01:28.877Z" },
    { url = "https://files.pythonhosted.org/packages/c2/be/b1ce2d395e3fd2ce5f2fde2522f76cade4297cfe84cd61990ff48308749c/regex-2026.2.19-cp313-cp313-manylinux2014_ppc64le.manylinux_2_17_ppc64le.manylinux_2_28_ppc64le.whl", hash = "sha256:46e69a4bf552e30e74a8aa73f473c87efcb7f6e8c8ece60d9fd7bf13d5c86f02", size = 864444, upload-time = "2026-02-19T19:01:30.933Z" },
    { url = "https://files.pythonhosted.org/packages/d5/97/a3406460c504f7136f140d9461960c25f058b0240e4424d6fb73c7a067ab/regex-2026.2.19-cp313-cp313-manylinux2014_s390x.manylinux_2_17_s390x.manylinux_2_28_s390x.whl", hash = "sha256:8edda06079bd770f7f0cf7f3bba1a0b447b96b4a543c91fe0c142d034c166161", size = 912633, upload-time = "2026-02-19T19:01:32.744Z" },
    { url = "https://files.pythonhosted.org/packages/8b/d9/e5dbef95008d84e9af1dc0faabbc34a7fbc8daa05bc5807c5cf86c2bec49/regex-2026.2.19-cp313-cp313-manylinux2014_x86_64.manylinux_2_17_x86_64.manylinux_2_28_x86_64.whl", hash = "sha256:9cbc69eae834afbf634f7c902fc72ff3e993f1c699156dd1af1adab5d06b7fe7", size = 803718, upload-time = "2026-02-19T19:01:34.61Z" },
    { url = "https://files.pythonhosted.org/packages/2f/e5/61d80132690a1ef8dc48e0f44248036877aebf94235d43f63a20d1598888/regex-2026.2.19-cp313-cp313-manylinux_2_31_riscv64.manylinux_2_39_riscv64.whl", hash = "sha256:bcf57d30659996ee5c7937999874504c11b5a068edc9515e6a59221cc2744dd1", size = 775975, upload-time = "2026-02-19T19:01:36.525Z" },
    { url = "https://files.pythonhosted.org/packages/05/32/ae828b3b312c972cf228b634447de27237d593d61505e6ad84723f8eabba/regex-2026.2.19-cp313-cp313-musllinux_1_2_aarch64.whl", hash = "sha256:8e6e77cd92216eb489e21e5652a11b186afe9bdefca8a2db739fd6b205a9e0a4", size = 788129, upload-time = "2026-02-19T19:01:38.498Z" },
    { url = "https://files.pythonhosted.org/packages/cb/25/d74f34676f22bec401eddf0e5e457296941e10cbb2a49a571ca7a2c16e5a/regex-2026.2.19-cp313-cp313-musllinux_1_2_ppc64le.whl", hash = "sha256:b9ab8dec42afefa6314ea9b31b188259ffdd93f433d77cad454cd0b8d235ce1c", size = 858818, upload-time = "2026-02-19T19:01:40.409Z" },
    { url = "https://files.pythonhosted.org/packages/1e/eb/0bc2b01a6b0b264e1406e5ef11cae3f634c3bd1a6e61206fd3227ce8e89c/regex-2026.2.19-cp313-cp313-musllinux_1_2_riscv64.whl", hash = "sha256:294c0fb2e87c6bcc5f577c8f609210f5700b993151913352ed6c6af42f30f95f", size = 764186, upload-time = "2026-02-19T19:01:43.009Z" },
    { url = "https://files.pythonhosted.org/packages/eb/37/5fe5a630d0d99ecf0c3570f8905dafbc160443a2d80181607770086c9812/regex-2026.2.19-cp313-cp313-musllinux_1_2_s390x.whl", hash = "sha256:c0924c64b082d4512b923ac016d6e1dcf647a3560b8a4c7e55cbbd13656cb4ed", size = 850363, upload-time = "2026-02-19T19:01:45.015Z" },
    { url = "https://files.pythonhosted.org/packages/c3/45/ef68d805294b01ec030cfd388724ba76a5a21a67f32af05b17924520cb0b/regex-2026.2.19-cp313-cp313-musllinux_1_2_x86_64.whl", hash = "sha256:790dbf87b0361606cb0d79b393c3e8f4436a14ee56568a7463014565d97da02a", size = 790026, upload-time = "2026-02-19T19:01:47.51Z" },
    { url = "https://files.pythonhosted.org/packages/d6/3a/40d3b66923dfc5aeba182f194f0ca35d09afe8c031a193e6ae46971a0a0e/regex-2026.2.19-cp313-cp313-win32.whl", hash = "sha256:43cdde87006271be6963896ed816733b10967baaf0e271d529c82e93da66675b", size = 266372, upload-time = "2026-02-19T19:01:49.469Z" },
    { url = "https://files.pythonhosted.org/packages/3d/f2/39082e8739bfd553497689e74f9d5e5bb531d6f8936d0b94f43e18f219c0/regex-2026.2.19-cp313-cp313-win_amd64.whl", hash = "sha256:127ea69273485348a126ebbf3d6052604d3c7da284f797bba781f364c0947d47", size = 277253, upload-time = "2026-02-19T19:01:51.208Z" },
    { url = "https://files.pythonhosted.org/packages/c2/c2/852b9600d53fb47e47080c203e2cdc0ac7e84e37032a57e0eaa37446033a/regex-2026.2.19-cp313-cp313-win_arm64.whl", hash = "sha256:5e56c669535ac59cbf96ca1ece0ef26cb66809990cda4fa45e1e32c3b146599e", size = 270505, upload-time = "2026-02-19T19:01:52.865Z" },
    { url = "https://files.pythonhosted.org/packages/a9/a2/e0b4575b93bc84db3b1fab24183e008691cd2db5c0ef14ed52681fbd94dd/regex-2026.2.19-cp313-cp313t-macosx_10_13_universal2.whl", hash = "sha256:93d881cab5afdc41a005dba1524a40947d6f7a525057aa64aaf16065cf62faa9", size = 492202, upload-time = "2026-02-19T19:01:54.816Z" },
    { url = "https://files.pythonhosted.org/packages/24/b5/b84fec8cbb5f92a7eed2b6b5353a6a9eed9670fee31817c2da9eb85dc797/regex-2026.2.19-cp313-cp313t-macosx_10_13_x86_64.whl", hash = "sha256:80caaa1ddcc942ec7be18427354f9d58a79cee82dea2a6b3d4fd83302e1240d7", size = 292884, upload-time = "2026-02-19T19:01:58.254Z" },
    { url = "https://files.pythonhosted.org/packages/70/0c/fe89966dfae43da46f475362401f03e4d7dc3a3c955b54f632abc52669e0/regex-2026.2.19-cp313-cp313t-macosx_11_0_arm64.whl", hash = "sha256:d793c5b4d2b4c668524cd1651404cfc798d40694c759aec997e196fe9729ec60", size = 291236, upload-time = "2026-02-19T19:01:59.966Z" },
    { url = "https://files.pythonhosted.org/packages/f2/f7/bda2695134f3e63eb5cccbbf608c2a12aab93d261ff4e2fe49b47fabc948/regex-2026.2.19-cp313-cp313t-manylinux2014_aarch64.manylinux_2_17_aarch64.manylinux_2_28_aarch64.whl", hash = "sha256:b5100acb20648d9efd3f4e7e91f51187f95f22a741dcd719548a6cf4e1b34b3f", size = 807660, upload-time = "2026-02-19T19:02:01.632Z" },
    { url = "https://files.pythonhosted.org/packages/11/56/6e3a4bf5e60d17326b7003d91bbde8938e439256dec211d835597a44972d/regex-2026.2.19-cp313-cp313t-manylinux2014_ppc64le.manylinux_2_17_ppc64le.manylinux_2_28_ppc64le.whl", hash = "sha256:5e3a31e94d10e52a896adaa3adf3621bd526ad2b45b8c2d23d1bbe74c7423007", size = 873585, upload-time = "2026-02-19T19:02:03.522Z" },
    { url = "https://files.pythonhosted.org/packages/35/5e/c90c6aa4d1317cc11839359479cfdd2662608f339e84e81ba751c8a4e461/regex-2026.2.19-cp313-cp313t-manylinux2014_s390x.manylinux_2_17_s390x.manylinux_2_28_s390x.whl", hash = "sha256:8497421099b981f67c99eba4154cf0dfd8e47159431427a11cfb6487f7791d9e", size = 915243, upload-time = "2026-02-19T19:02:05.608Z" },
    { url = "https://files.pythonhosted.org/packages/90/7c/981ea0694116793001496aaf9524e5c99e122ec3952d9e7f1878af3a6bf1/regex-2026.2.19-cp313-cp313t-manylinux2014_x86_64.manylinux_2_17_x86_64.manylinux_2_28_x86_64.whl", hash = "sha256:1e7a08622f7d51d7a068f7e4052a38739c412a3e74f55817073d2e2418149619", size = 812922, upload-time = "2026-02-19T19:02:08.115Z" },
    { url = "https://files.pythonhosted.org/packages/2d/be/9eda82afa425370ffdb3fa9f3ea42450b9ae4da3ff0a4ec20466f69e371b/regex-2026.2.19-cp313-cp313t-manylinux_2_31_riscv64.manylinux_2_39_riscv64.whl", hash = "sha256:8abe671cf0f15c26b1ad389bf4043b068ce7d3b1c5d9313e12895f57d6738555", size = 781318, upload-time = "2026-02-19T19:02:10.072Z" },
    { url = "https://files.pythonhosted.org/packages/c6/d5/50f0bbe56a8199f60a7b6c714e06e54b76b33d31806a69d0703b23ce2a9e/regex-2026.2.19-cp313-cp313t-musllinux_1_2_aarch64.whl", hash = "sha256:5a8f28dd32a4ce9c41758d43b5b9115c1c497b4b1f50c457602c1d571fa98ce1", size = 795649, upload-time = "2026-02-19T19:02:11.96Z" },
    { url = "https://files.pythonhosted.org/packages/c5/09/d039f081e44a8b0134d0bb2dd805b0ddf390b69d0b58297ae098847c572f/regex-2026.2.19-cp313-cp313t-musllinux_1_2_ppc64le.whl", hash = "sha256:654dc41a5ba9b8cc8432b3f1aa8906d8b45f3e9502442a07c2f27f6c63f85db5", size = 868844, upload-time = "2026-02-19T19:02:14.043Z" },
    { url = "https://files.pythonhosted.org/packages/ef/53/e2903b79a19ec8557fe7cd21cd093956ff2dbc2e0e33969e3adbe5b184dd/regex-2026.2.19-cp313-cp313t-musllinux_1_2_riscv64.whl", hash = "sha256:4a02faea614e7fdd6ba8b3bec6c8e79529d356b100381cec76e638f45d12ca04", size = 770113, upload-time = "2026-02-19T19:02:16.161Z" },
    { url = "https://files.pythonhosted.org/packages/8f/e2/784667767b55714ebb4e59bf106362327476b882c0b2f93c25e84cc99b1a/regex-2026.2.19-cp313-cp313t-musllinux_1_2_s390x.whl", hash = "sha256:d96162140bb819814428800934c7b71b7bffe81fb6da2d6abc1dcca31741eca3", size = 854922, upload-time = "2026-02-19T19:02:18.155Z" },
    { url = "https://files.pythonhosted.org/packages/59/78/9ef4356bd4aed752775bd18071034979b85f035fec51f3a4f9dea497a254/regex-2026.2.19-cp313-cp313t-musllinux_1_2_x86_64.whl", hash = "sha256:c227f2922153ee42bbeb355fd6d009f8c81d9d7bdd666e2276ce41f53ed9a743", size = 799636, upload-time = "2026-02-19T19:02:20.04Z" },
    { url = "https://files.pythonhosted.org/packages/cf/54/fcfc9287f20c5c9bd8db755aafe3e8cf4d99a6a3f1c7162ee182e0ca9374/regex-2026.2.19-cp313-cp313t-win32.whl", hash = "sha256:a178df8ec03011153fbcd2c70cb961bc98cbbd9694b28f706c318bee8927c3db", size = 268968, upload-time = "2026-02-19T19:02:22.816Z" },
    { url = "https://files.pythonhosted.org/packages/1e/a0/ff24c6cb1273e42472706d277147fc38e1f9074a280fb6034b0fc9b69415/regex-2026.2.19-cp313-cp313t-win_amd64.whl", hash = "sha256:2c1693ca6f444d554aa246b592355b5cec030ace5a2729eae1b04ab6e853e768", size = 280390, upload-time = "2026-02-19T19:02:25.231Z" },
    { url = "https://files.pythonhosted.org/packages/1a/b6/a3f6ad89d780ffdeebb4d5e2e3e30bd2ef1f70f6a94d1760e03dd1e12c60/regex-2026.2.19-cp313-cp313t-win_arm64.whl", hash = "sha256:c0761d7ae8d65773e01515ebb0b304df1bf37a0a79546caad9cbe79a42c12af7", size = 271643, upload-time = "2026-02-19T19:02:27.175Z" },
    { url = "https://files.pythonhosted.org/packages/2d/e2/7ad4e76a6dddefc0d64dbe12a4d3ca3947a19ddc501f864a5df2a8222ddd/regex-2026.2.19-cp314-cp314-macosx_10_13_universal2.whl", hash = "sha256:03d191a9bcf94d31af56d2575210cb0d0c6a054dbcad2ea9e00aa4c42903b919", size = 489306, upload-time = "2026-02-19T19:02:29.058Z" },
    { url = "https://files.pythonhosted.org/packages/14/95/ee1736135733afbcf1846c58671046f99c4d5170102a150ebb3dd8d701d9/regex-2026.2.19-cp314-cp314-macosx_10_13_x86_64.whl", hash = "sha256:516ee067c6c721d0d0bfb80a2004edbd060fffd07e456d4e1669e38fe82f922e", size = 291218, upload-time = "2026-02-19T19:02:31.083Z" },
    { url = "https://files.pythonhosted.org/packages/ef/08/180d1826c3d7065200a5168c6b993a44947395c7bb6e04b2c2a219c34225/regex-2026.2.19-cp314-cp314-macosx_11_0_arm64.whl", hash = "sha256:997862c619994c4a356cb7c3592502cbd50c2ab98da5f61c5c871f10f22de7e5", size = 289097, upload-time = "2026-02-19T19:02:33.485Z" },
    { url = "https://files.pythonhosted.org/packages/28/93/0651924c390c5740f5f896723f8ddd946a6c63083a7d8647231c343912ff/regex-2026.2.19-cp314-cp314-manylinux2014_aarch64.manylinux_2_17_aarch64.manylinux_2_28_aarch64.whl", hash = "sha256:02b9e1b8a7ebe2807cd7bbdf662510c8e43053a23262b9f46ad4fc2dfc9d204e", size = 799147, upload-time = "2026-02-19T19:02:35.669Z" },
    { url = "https://files.pythonhosted.org/packages/a7/00/2078bd8bcd37d58a756989adbfd9f1d0151b7ca4085a9c2a07e917fbac61/regex-2026.2.19-cp314-cp314-manylinux2014_ppc64le.manylinux_2_17_ppc64le.manylinux_2_28_ppc64le.whl", hash = "sha256:6c8fb3b19652e425ff24169dad3ee07f99afa7996caa9dfbb3a9106cd726f49a", size = 865239, upload-time = "2026-02-19T19:02:38.012Z" },
    { url = "https://files.pythonhosted.org/packages/2a/13/75195161ec16936b35a365fa8c1dd2ab29fd910dd2587765062b174d8cfc/regex-2026.2.19-cp314-cp314-manylinux2014_s390x.manylinux_2_17_s390x.manylinux_2_28_s390x.whl", hash = "sha256:50f1ee9488dd7a9fda850ec7c68cad7a32fa49fd19733f5403a3f92b451dcf73", size = 911904, upload-time = "2026-02-19T19:02:40.737Z" },
    { url = "https://files.pythonhosted.org/packages/96/72/ac42f6012179343d1c4bd0ffee8c948d841cb32ea188d37e96d80527fcc9/regex-2026.2.19-cp314-cp314-manylinux2014_x86_64.manylinux_2_17_x86_64.manylinux_2_28_x86_64.whl", hash = "sha256:ab780092b1424d13200aa5a62996e95f65ee3db8509be366437439cdc0af1a9f", size = 803518, upload-time = "2026-02-19T19:02:42.923Z" },
    { url = "https://files.pythonhosted.org/packages/bc/d1/75a08e2269b007b9783f0f86aa64488e023141219cb5f14dc1e69cda56c6/regex-2026.2.19-cp314-cp314-manylinux_2_31_riscv64.manylinux_2_39_riscv64.whl", hash = "sha256:17648e1a88e72d88641b12635e70e6c71c5136ba14edba29bf8fc6834005a265", size = 775866, upload-time = "2026-02-19T19:02:45.189Z" },
    { url = "https://files.pythonhosted.org/packages/92/41/70e7d05faf6994c2ca7a9fcaa536da8f8e4031d45b0ec04b57040ede201f/regex-2026.2.19-cp314-cp314-musllinux_1_2_aarch64.whl", hash = "sha256:2f914ae8c804c8a8a562fe216100bc156bfb51338c1f8d55fe32cf407774359a", size = 788224, upload-time = "2026-02-19T19:02:47.804Z" },
    { url = "https://files.pythonhosted.org/packages/c8/83/34a2dd601f9deb13c20545c674a55f4a05c90869ab73d985b74d639bac43/regex-2026.2.19-cp314-cp314-musllinux_1_2_ppc64le.whl", hash = "sha256:c7e121a918bbee3f12ac300ce0a0d2f2c979cf208fb071ed8df5a6323281915c", size = 859682, upload-time = "2026-02-19T19:02:50.583Z" },
    { url = "https://files.pythonhosted.org/packages/8e/30/136db9a09a7f222d6e48b806f3730e7af6499a8cad9c72ac0d49d52c746e/regex-2026.2.19-cp314-cp314-musllinux_1_2_riscv64.whl", hash = "sha256:2fedd459c791da24914ecc474feecd94cf7845efb262ac3134fe27cbd7eda799", size = 764223, upload-time = "2026-02-19T19:02:52.777Z" },
    { url = "https://files.pythonhosted.org/packages/9e/ea/bb947743c78a16df481fa0635c50aa1a439bb80b0e6dc24cd4e49c716679/regex-2026.2.19-cp314-cp314-musllinux_1_2_s390x.whl", hash = "sha256:ea8dfc99689240e61fb21b5fc2828f68b90abf7777d057b62d3166b7c1543c4c", size = 850101, upload-time = "2026-02-19T19:02:55.87Z" },
    { url = "https://files.pythonhosted.org/packages/25/27/e3bfe6e97a99f7393665926be02fef772da7f8aa59e50bc3134e4262a032/regex-2026.2.19-cp314-cp314-musllinux_1_2_x86_64.whl", hash = "sha256:9fff45852160960f29e184ec8a5be5ab4063cfd0b168d439d1fc4ac3744bf29e", size = 789904, upload-time = "2026-02-19T19:02:58.523Z" },
    { url = "https://files.pythonhosted.org/packages/84/7b/7e2be6f00cea59d08761b027ad237002e90cac74b1607200ebaa2ba3d586/regex-2026.2.19-cp314-cp314-win32.whl", hash = "sha256:5390b130cce14a7d1db226a3896273b7b35be10af35e69f1cca843b6e5d2bb2d", size = 271784, upload-time = "2026-02-19T19:03:00.418Z" },
    { url = "https://files.pythonhosted.org/packages/f7/f6/639911530335773e7ec60bcaa519557b719586024c1d7eaad1daf87b646b/regex-2026.2.19-cp314-cp314-win_amd64.whl", hash = "sha256:e581f75d5c0b15669139ca1c2d3e23a65bb90e3c06ba9d9ea194c377c726a904", size = 280506, upload-time = "2026-02-19T19:03:02.302Z" },
    { url = "https://files.pythonhosted.org/packages/cd/ec/2582b56b4e036d46bb9b5d74a18548439ffa16c11cf59076419174d80f48/regex-2026.2.19-cp314-cp314-win_arm64.whl", hash = "sha256:7187fdee1be0896c1499a991e9bf7c78e4b56b7863e7405d7bb687888ac10c4b", size = 273557, upload-time = "2026-02-19T19:03:04.836Z" },
    { url = "https://files.pythonhosted.org/packages/49/0b/f901cfeb4efd83e4f5c3e9f91a6de77e8e5ceb18555698aca3a27e215ed3/regex-2026.2.19-cp314-cp314t-macosx_10_13_universal2.whl", hash = "sha256:5ec1d7c080832fdd4e150c6f5621fe674c70c63b3ae5a4454cebd7796263b175", size = 492196, upload-time = "2026-02-19T19:03:08.188Z" },
    { url = "https://files.pythonhosted.org/packages/94/0a/349b959e3da874e15eda853755567b4cde7e5309dbb1e07bfe910cfde452/regex-2026.2.19-cp314-cp314t-macosx_10_13_x86_64.whl", hash = "sha256:8457c1bc10ee9b29cdfd897ccda41dce6bde0e9abd514bcfef7bcd05e254d411", size = 292878, upload-time = "2026-02-19T19:03:10.272Z" },
    { url = "https://files.pythonhosted.org/packages/98/b0/9d81b3c2c5ddff428f8c506713737278979a2c476f6e3675a9c51da0c389/regex-2026.2.19-cp314-cp314t-macosx_11_0_arm64.whl", hash = "sha256:cce8027010d1ffa3eb89a0b19621cdc78ae548ea2b49fea1f7bfb3ea77064c2b", size = 291235, upload-time = "2026-02-19T19:03:12.5Z" },
    { url = "https://files.pythonhosted.org/packages/04/e7/be7818df8691dbe9508c381ea2cc4c1153e4fdb1c4b06388abeaa93bd712/regex-2026.2.19-cp314-cp314t-manylinux2014_aarch64.manylinux_2_17_aarch64.manylinux_2_28_aarch64.whl", hash = "sha256:11c138febb40546ff9e026dbbc41dc9fb8b29e61013fa5848ccfe045f5b23b83", size = 807893, upload-time = "2026-02-19T19:03:15.064Z" },
    { url = "https://files.pythonhosted.org/packages/0c/b6/b898a8b983190cfa0276031c17beb73cfd1db07c03c8c37f606d80b655e2/regex-2026.2.19-cp314-cp314t-manylinux2014_ppc64le.manylinux_2_17_ppc64le.manylinux_2_28_ppc64le.whl", hash = "sha256:74ff212aa61532246bb3036b3dfea62233414b0154b8bc3676975da78383cac3", size = 873696, upload-time = "2026-02-19T19:03:17.848Z" },
    { url = "https://files.pythonhosted.org/packages/1a/98/126ba671d54f19080ec87cad228fb4f3cc387fff8c4a01cb4e93f4ff9d94/regex-2026.2.19-cp314-cp314t-manylinux2014_s390x.manylinux_2_17_s390x.manylinux_2_28_s390x.whl", hash = "sha256:d00c95a2b6bfeb3ea1cb68d1751b1dfce2b05adc2a72c488d77a780db06ab867", size = 915493, upload-time = "2026-02-19T19:03:20.343Z" },
    { url = "https://files.pythonhosted.org/packages/b2/10/550c84a1a1a7371867fe8be2bea7df55e797cbca4709974811410e195c5d/regex-2026.2.19-cp314-cp314t-manylinux2014_x86_64.manylinux_2_17_x86_64.manylinux_2_28_x86_64.whl", hash = "sha256:311fcccb76af31be4c588d5a17f8f1a059ae8f4b097192896ebffc95612f223a", size = 813094, upload-time = "2026-02-19T19:03:23.287Z" },
    { url = "https://files.pythonhosted.org/packages/29/fb/ba221d2fc76a27b6b7d7a60f73a7a6a7bac21c6ba95616a08be2bcb434b0/regex-2026.2.19-cp314-cp314t-manylinux_2_31_riscv64.manylinux_2_39_riscv64.whl", hash = "sha256:77cfd6b5e7c4e8bf7a39d243ea05882acf5e3c7002b0ef4756de6606893b0ecd", size = 781583, upload-time = "2026-02-19T19:03:26.872Z" },
    { url = "https://files.pythonhosted.org/packages/26/f1/af79231301297c9e962679efc04a31361b58dc62dec1fc0cb4b8dd95956a/regex-2026.2.19-cp314-cp314t-musllinux_1_2_aarch64.whl", hash = "sha256:6380f29ff212ec922b6efb56100c089251940e0526a0d05aa7c2d9b571ddf2fe", size = 795875, upload-time = "2026-02-19T19:03:29.223Z" },
    { url = "https://files.pythonhosted.org/packages/a0/90/1e1d76cb0a2d0a4f38a039993e1c5cd971ae50435d751c5bae4f10e1c302/regex-2026.2.19-cp314-cp314t-musllinux_1_2_ppc64le.whl", hash = "sha256:655f553a1fa3ab8a7fd570eca793408b8d26a80bfd89ed24d116baaf13a38969", size = 868916, upload-time = "2026-02-19T19:03:31.415Z" },
    { url = "https://files.pythonhosted.org/packages/9a/67/a1c01da76dbcfed690855a284c665cc0a370e7d02d1bd635cf9ff7dd74b8/regex-2026.2.19-cp314-cp314t-musllinux_1_2_riscv64.whl", hash = "sha256:015088b8558502f1f0bccd58754835aa154a7a5b0bd9d4c9b7b96ff4ae9ba876", size = 770386, upload-time = "2026-02-19T19:03:33.972Z" },
    { url = "https://files.pythonhosted.org/packages/49/6f/94842bf294f432ff3836bfd91032e2ecabea6d284227f12d1f935318c9c4/regex-2026.2.19-cp314-cp314t-musllinux_1_2_s390x.whl", hash = "sha256:9e6693b8567a59459b5dda19104c4a4dbbd4a1c78833eacc758796f2cfef1854", size = 855007, upload-time = "2026-02-19T19:03:36.238Z" },
    { url = "https://files.pythonhosted.org/packages/ff/93/393cd203ca0d1d368f05ce12d2c7e91a324bc93c240db2e6d5ada05835f4/regex-2026.2.19-cp314-cp314t-musllinux_1_2_x86_64.whl", hash = "sha256:4071209fd4376ab5ceec72ad3507e9d3517c59e38a889079b98916477a871868", size = 799863, upload-time = "2026-02-19T19:03:38.497Z" },
    { url = "https://files.pythonhosted.org/packages/43/d9/35afda99bd92bf1a5831e55a4936d37ea4bed6e34c176a3c2238317faf4f/regex-2026.2.19-cp314-cp314t-win32.whl", hash = "sha256:2905ff4a97fad42f2d0834d8b1ea3c2f856ec209837e458d71a061a7d05f9f01", size = 274742, upload-time = "2026-02-19T19:03:40.804Z" },
    { url = "https://files.pythonhosted.org/packages/ae/42/7edc3344dcc87b698e9755f7f685d463852d481302539dae07135202d3ca/regex-2026.2.19-cp314-cp314t-win_amd64.whl", hash = "sha256:64128549b600987e0f335c2365879895f860a9161f283b14207c800a6ed623d3", size = 284443, upload-time = "2026-02-19T19:03:42.954Z" },
    { url = "https://files.pythonhosted.org/packages/3a/45/affdf2d851b42adf3d13fc5b3b059372e9bd299371fd84cf5723c45871fa/regex-2026.2.19-cp314-cp314t-win_arm64.whl", hash = "sha256:a09ae430e94c049dc6957f6baa35ee3418a3a77f3c12b6e02883bd80a2b679b0", size = 274932, upload-time = "2026-02-19T19:03:45.488Z" },
]

[[package]]
name = "rich"
version = "14.3.3"
source = { registry = "https://pypi.org/simple" }
dependencies = [
    { name = "markdown-it-py" },
    { name = "pygments" },
]
sdist = { url = "https://files.pythonhosted.org/packages/b3/c6/f3b320c27991c46f43ee9d856302c70dc2d0fb2dba4842ff739d5f46b393/rich-14.3.3.tar.gz", hash = "sha256:b8daa0b9e4eef54dd8cf7c86c03713f53241884e814f4e2f5fb342fe520f639b", size = 230582, upload-time = "2026-02-19T17:23:12.474Z" }
wheels = [
    { url = "https://files.pythonhosted.org/packages/14/25/b208c5683343959b670dc001595f2f3737e051da617f66c31f7c4fa93abc/rich-14.3.3-py3-none-any.whl", hash = "sha256:793431c1f8619afa7d3b52b2cdec859562b950ea0d4b6b505397612db8d5362d", size = 310458, upload-time = "2026-02-19T17:23:13.732Z" },
]

[[package]]
name = "textual"
version = "8.0.0"
source = { registry = "https://pypi.org/simple" }
dependencies = [
    { name = "markdown-it-py", extra = ["linkify"] },
    { name = "mdit-py-plugins" },
    { name = "platformdirs" },
    { name = "pygments" },
    { name = "rich" },
    { name = "typing-extensions" },
]
sdist = { url = "https://files.pythonhosted.org/packages/f7/08/1e1f705825359590ddfaeda57653bd518c4ff7a96bb2c3239ba1b6fc4c51/textual-8.0.0.tar.gz", hash = "sha256:ce48f83a3d686c0fac0e80bf9136e1f8851c653aa6a4502e43293a151df18809", size = 1595895, upload-time = "2026-02-16T17:12:14.215Z" }
wheels = [
    { url = "https://files.pythonhosted.org/packages/d3/be/e191c2a15da20530fde03564564e3e4b4220eb9d687d4014957e5c6a5e85/textual-8.0.0-py3-none-any.whl", hash = "sha256:8908f4ebe93a6b4f77ca7262197784a52162bc88b05f4ecf50ac93a92d49bb8f", size = 718904, upload-time = "2026-02-16T17:12:11.962Z" },
]

[[package]]
name = "typing-extensions"
version = "4.15.0"
source = { registry = "https://pypi.org/simple" }
sdist = { url = "https://files.pythonhosted.org/packages/72/94/1a15dd82efb362ac84269196e94cf00f187f7ed21c242792a923cdb1c61f/typing_extensions-4.15.0.tar.gz", hash = "sha256:0cea48d173cc12fa28ecabc3b837ea3cf6f38c6d1136f85cbaaf598984861466", size = 109391, upload-time = "2025-08-25T13:49:26.313Z" }
wheels = [
    { url = "https://files.pythonhosted.org/packages/18/67/36e9267722cc04a6b9f15c7f3441c2363321a3ea07da7ae0c0707beb2a9c/typing_extensions-4.15.0-py3-none-any.whl", hash = "sha256:f0fa19c6845758ab08074a0cfa8b7aecb71c999ca73d62883bc25cc018c4e548", size = 44614, upload-time = "2025-08-25T13:49:24.86Z" },
]

[[package]]
name = "uc-micro-py"
version = "1.0.3"
source = { registry = "https://pypi.org/simple" }
sdist = { url = "https://files.pythonhosted.org/packages/91/7a/146a99696aee0609e3712f2b44c6274566bc368dfe8375191278045186b8/uc-micro-py-1.0.3.tar.gz", hash = "sha256:d321b92cff673ec58027c04015fcaa8bb1e005478643ff4a500882eaab88c48a", size = 6043, upload-time = "2024-02-09T16:52:01.654Z" }
wheels = [
    { url = "https://files.pythonhosted.org/packages/37/87/1f677586e8ac487e29672e4b17455758fce261de06a0d086167bb760361a/uc_micro_py-1.0.3-py3-none-any.whl", hash = "sha256:db1dffff340817673d7b466ec86114a9dc0e9d4d9b5ba229d9d60e5c12600cd5", size = 6229, upload-time = "2024-02-09T16:52:00.371Z" },
]
